// !$*UTF8*$!
{
	archiveVersion = 1;
	classes = {
	};
	objectVersion = 46;
	objects = {

/* Begin PBXBuildFile section */
		D8312CAF1995ECA5005924D2 /* Foundation.framework in Frameworks */ = {isa = PBXBuildFile; fileRef = D8312CAE1995ECA5005924D2 /* Foundation.framework */; };
		D8312CB41995ECA5005924D2 /* FLEXDylib.h in CopyFiles */ = {isa = PBXBuildFile; fileRef = D8312CB31995ECA5005924D2 /* FLEXDylib.h */; };
		D8312CB61995ECA5005924D2 /* FLEXDylib.m in Sources */ = {isa = PBXBuildFile; fileRef = D8312CB51995ECA5005924D2 /* FLEXDylib.m */; };
		D8312CBD1995ECA5005924D2 /* XCTest.framework in Frameworks */ = {isa = PBXBuildFile; fileRef = D8312CBC1995ECA5005924D2 /* XCTest.framework */; };
		D8312CBE1995ECA5005924D2 /* Foundation.framework in Frameworks */ = {isa = PBXBuildFile; fileRef = D8312CAE1995ECA5005924D2 /* Foundation.framework */; };
		D8312CC01995ECA5005924D2 /* UIKit.framework in Frameworks */ = {isa = PBXBuildFile; fileRef = D8312CBF1995ECA5005924D2 /* UIKit.framework */; };
		D8312CC31995ECA5005924D2 /* FLEXDylib.dylib in Frameworks */ = {isa = PBXBuildFile; fileRef = D8312CAB1995ECA5005924D2 /* FLEXDylib.dylib */; };
		D8312CC91995ECA5005924D2 /* InfoPlist.strings in Resources */ = {isa = PBXBuildFile; fileRef = D8312CC71995ECA5005924D2 /* InfoPlist.strings */; };
		D8312CCB1995ECA5005924D2 /* FLEXDylibTests.m in Sources */ = {isa = PBXBuildFile; fileRef = D8312CCA1995ECA5005924D2 /* FLEXDylibTests.m */; };
/* End PBXBuildFile section */

/* Begin PBXContainerItemProxy section */
		D8312CC11995ECA5005924D2 /* PBXContainerItemProxy */ = {
			isa = PBXContainerItemProxy;
			containerPortal = D8312CA31995ECA5005924D2 /* Project object */;
			proxyType = 1;
			remoteGlobalIDString = D8312CAA1995ECA5005924D2;
			remoteInfo = FLEXDylib;
		};
/* End PBXContainerItemProxy section */

/* Begin PBXCopyFilesBuildPhase section */
		D8312CA91995ECA5005924D2 /* CopyFiles */ = {
			isa = PBXCopyFilesBuildPhase;
			buildActionMask = 2147483647;
			dstPath = "include/$(PRODUCT_NAME)";
			dstSubfolderSpec = 16;
			files = (
				D8312CB41995ECA5005924D2 /* FLEXDylib.h in CopyFiles */,
			);
			runOnlyForDeploymentPostprocessing = 0;
		};
/* End PBXCopyFilesBuildPhase section */

/* Begin PBXFileReference section */
		D8312CAB1995ECA5005924D2 /* FLEXDylib.dylib */ = {isa = PBXFileReference; explicitFileType = "compiled.mach-o.dylib"; includeInIndex = 0; path = FLEXDylib.dylib; sourceTree = BUILT_PRODUCTS_DIR; };
		D8312CAE1995ECA5005924D2 /* Foundation.framework */ = {isa = PBXFileReference; lastKnownFileType = wrapper.framework; name = Foundation.framework; path = System/Library/Frameworks/Foundation.framework; sourceTree = SDKROOT; };
		D8312CB21995ECA5005924D2 /* FLEXDylib-Prefix.pch */ = {isa = PBXFileReference; lastKnownFileType = sourcecode.c.h; path = "FLEXDylib-Prefix.pch"; sourceTree = "<group>"; };
		D8312CB31995ECA5005924D2 /* FLEXDylib.h */ = {isa = PBXFileReference; lastKnownFileType = sourcecode.c.h; path = FLEXDylib.h; sourceTree = "<group>"; };
		D8312CB51995ECA5005924D2 /* FLEXDylib.m */ = {isa = PBXFileReference; lastKnownFileType = sourcecode.c.objc; path = FLEXDylib.m; sourceTree = "<group>"; };
		D8312CBB1995ECA5005924D2 /* FLEXDylibTests.xctest */ = {isa = PBXFileReference; explicitFileType = wrapper.cfbundle; includeInIndex = 0; path = FLEXDylibTests.xctest; sourceTree = BUILT_PRODUCTS_DIR; };
		D8312CBC1995ECA5005924D2 /* XCTest.framework */ = {isa = PBXFileReference; lastKnownFileType = wrapper.framework; name = XCTest.framework; path = Library/Frameworks/XCTest.framework; sourceTree = DEVELOPER_DIR; };
		D8312CBF1995ECA5005924D2 /* UIKit.framework */ = {isa = PBXFileReference; lastKnownFileType = wrapper.framework; name = UIKit.framework; path = Library/Frameworks/UIKit.framework; sourceTree = DEVELOPER_DIR; };
		D8312CC61995ECA5005924D2 /* FLEXDylibTests-Info.plist */ = {isa = PBXFileReference; lastKnownFileType = text.plist.xml; path = "FLEXDylibTests-Info.plist"; sourceTree = "<group>"; };
		D8312CC81995ECA5005924D2 /* en */ = {isa = PBXFileReference; lastKnownFileType = text.plist.strings; name = en; path = en.lproj/InfoPlist.strings; sourceTree = "<group>"; };
		D8312CCA1995ECA5005924D2 /* FLEXDylibTests.m */ = {isa = PBXFileReference; lastKnownFileType = sourcecode.c.objc; path = FLEXDylibTests.m; sourceTree = "<group>"; };
/* End PBXFileReference section */

/* Begin PBXFrameworksBuildPhase section */
		D8312CA81995ECA5005924D2 /* Frameworks */ = {
			isa = PBXFrameworksBuildPhase;
			buildActionMask = 2147483647;
			files = (
				D8312CAF1995ECA5005924D2 /* Foundation.framework in Frameworks */,
			);
			runOnlyForDeploymentPostprocessing = 0;
		};
		D8312CB81995ECA5005924D2 /* Frameworks */ = {
			isa = PBXFrameworksBuildPhase;
			buildActionMask = 2147483647;
			files = (
				D8312CC31995ECA5005924D2 /* FLEXDylib.dylib in Frameworks */,
				D8312CBD1995ECA5005924D2 /* XCTest.framework in Frameworks */,
				D8312CC01995ECA5005924D2 /* UIKit.framework in Frameworks */,
				D8312CBE1995ECA5005924D2 /* Foundation.framework in Frameworks */,
			);
			runOnlyForDeploymentPostprocessing = 0;
		};
/* End PBXFrameworksBuildPhase section */

/* Begin PBXGroup section */
		D8312CA21995ECA5005924D2 = {
			isa = PBXGroup;
			children = (
				D8312CB01995ECA5005924D2 /* FLEXDylib */,
				D8312CC41995ECA5005924D2 /* FLEXDylibTests */,
				D8312CAD1995ECA5005924D2 /* Frameworks */,
				D8312CAC1995ECA5005924D2 /* Products */,
			);
			sourceTree = "<group>";
		};
		D8312CAC1995ECA5005924D2 /* Products */ = {
			isa = PBXGroup;
			children = (
				D8312CAB1995ECA5005924D2 /* FLEXDylib.dylib */,
				D8312CBB1995ECA5005924D2 /* FLEXDylibTests.xctest */,
			);
			name = Products;
			sourceTree = "<group>";
		};
		D8312CAD1995ECA5005924D2 /* Frameworks */ = {
			isa = PBXGroup;
			children = (
				D8312CAE1995ECA5005924D2 /* Foundation.framework */,
				D8312CBC1995ECA5005924D2 /* XCTest.framework */,
				D8312CBF1995ECA5005924D2 /* UIKit.framework */,
			);
			name = Frameworks;
			sourceTree = "<group>";
		};
		D8312CB01995ECA5005924D2 /* FLEXDylib */ = {
			isa = PBXGroup;
			children = (
				D8312CB31995ECA5005924D2 /* FLEXDylib.h */,
				D8312CB51995ECA5005924D2 /* FLEXDylib.m */,
				D8312CB11995ECA5005924D2 /* Supporting Files */,
			);
			path = FLEXDylib;
			sourceTree = "<group>";
		};
		D8312CB11995ECA5005924D2 /* Supporting Files */ = {
			isa = PBXGroup;
			children = (
				D8312CB21995ECA5005924D2 /* FLEXDylib-Prefix.pch */,
			);
			name = "Supporting Files";
			sourceTree = "<group>";
		};
		D8312CC41995ECA5005924D2 /* FLEXDylibTests */ = {
			isa = PBXGroup;
			children = (
				D8312CCA1995ECA5005924D2 /* FLEXDylibTests.m */,
				D8312CC51995ECA5005924D2 /* Supporting Files */,
			);
			path = FLEXDylibTests;
			sourceTree = "<group>";
		};
		D8312CC51995ECA5005924D2 /* Supporting Files */ = {
			isa = PBXGroup;
			children = (
				D8312CC61995ECA5005924D2 /* FLEXDylibTests-Info.plist */,
				D8312CC71995ECA5005924D2 /* InfoPlist.strings */,
			);
			name = "Supporting Files";
			sourceTree = "<group>";
		};
/* End PBXGroup section */

/* Begin PBXNativeTarget section */
		D8312CAA1995ECA5005924D2 /* FLEXDylib */ = {
			isa = PBXNativeTarget;
			buildConfigurationList = D8312CCE1995ECA5005924D2 /* Build configuration list for PBXNativeTarget "FLEXDylib" */;
			buildPhases = (
				D8312CA71995ECA5005924D2 /* Sources */,
				D8312CA81995ECA5005924D2 /* Frameworks */,
				D8312CA91995ECA5005924D2 /* CopyFiles */,
			);
			buildRules = (
			);
			dependencies = (
			);
			name = FLEXDylib;
			productName = FLEXDylib;
			productReference = D8312CAB1995ECA5005924D2 /* FLEXDylib.dylib */;
			productType = "com.apple.product-type.library.dynamic";
		};
		D8312CBA1995ECA5005924D2 /* FLEXDylibTests */ = {
			isa = PBXNativeTarget;
			buildConfigurationList = D8312CD11995ECA5005924D2 /* Build configuration list for PBXNativeTarget "FLEXDylibTests" */;
			buildPhases = (
				D8312CB71995ECA5005924D2 /* Sources */,
				D8312CB81995ECA5005924D2 /* Frameworks */,
				D8312CB91995ECA5005924D2 /* Resources */,
			);
			buildRules = (
			);
			dependencies = (
				D8312CC21995ECA5005924D2 /* PBXTargetDependency */,
			);
			name = FLEXDylibTests;
			productName = FLEXDylibTests;
			productReference = D8312CBB1995ECA5005924D2 /* FLEXDylibTests.xctest */;
			productType = "com.apple.product-type.bundle.unit-test";
		};
/* End PBXNativeTarget section */

/* Begin PBXProject section */
		D8312CA31995ECA5005924D2 /* Project object */ = {
			isa = PBXProject;
			attributes = {
				LastUpgradeCheck = 0510;
				ORGANIZATIONNAME = Joey;
				TargetAttributes = {
					D8312CBA1995ECA5005924D2 = {
						TestTargetID = D8312CAA1995ECA5005924D2;
					};
				};
			};
			buildConfigurationList = D8312CA61995ECA5005924D2 /* Build configuration list for PBXProject "FLEXDylib" */;
			compatibilityVersion = "Xcode 3.2";
			developmentRegion = English;
			hasScannedForEncodings = 0;
			knownRegions = (
				en,
			);
			mainGroup = D8312CA21995ECA5005924D2;
			productRefGroup = D8312CAC1995ECA5005924D2 /* Products */;
			projectDirPath = "";
			projectRoot = "";
			targets = (
				D8312CAA1995ECA5005924D2 /* FLEXDylib */,
				D8312CBA1995ECA5005924D2 /* FLEXDylibTests */,
			);
		};
/* End PBXProject section */

/* Begin PBXResourcesBuildPhase section */
		D8312CB91995ECA5005924D2 /* Resources */ = {
			isa = PBXResourcesBuildPhase;
			buildActionMask = 2147483647;
			files = (
				D8312CC91995ECA5005924D2 /* InfoPlist.strings in Resources */,
			);
			runOnlyForDeploymentPostprocessing = 0;
		};
/* End PBXResourcesBuildPhase section */

/* Begin PBXSourcesBuildPhase section */
		D8312CA71995ECA5005924D2 /* Sources */ = {
			isa = PBXSourcesBuildPhase;
			buildActionMask = 2147483647;
			files = (
				D8312CB61995ECA5005924D2 /* FLEXDylib.m in Sources */,
			);
			runOnlyForDeploymentPostprocessing = 0;
		};
		D8312CB71995ECA5005924D2 /* Sources */ = {
			isa = PBXSourcesBuildPhase;
			buildActionMask = 2147483647;
			files = (
				D8312CCB1995ECA5005924D2 /* FLEXDylibTests.m in Sources */,
			);
			runOnlyForDeploymentPostprocessing = 0;
		};
/* End PBXSourcesBuildPhase section */

/* Begin PBXTargetDependency section */
		D8312CC21995ECA5005924D2 /* PBXTargetDependency */ = {
			isa = PBXTargetDependency;
			target = D8312CAA1995ECA5005924D2 /* FLEXDylib */;
			targetProxy = D8312CC11995ECA5005924D2 /* PBXContainerItemProxy */;
		};
/* End PBXTargetDependency section */

/* Begin PBXVariantGroup section */
		D8312CC71995ECA5005924D2 /* InfoPlist.strings */ = {
			isa = PBXVariantGroup;
			children = (
				D8312CC81995ECA5005924D2 /* en */,
			);
			name = InfoPlist.strings;
			sourceTree = "<group>";
		};
/* End PBXVariantGroup section */

/* Begin XCBuildConfiguration section */
		D8312CCC1995ECA5005924D2 /* Debug */ = {
			isa = XCBuildConfiguration;
			buildSettings = {
				ALWAYS_SEARCH_USER_PATHS = NO;
				CLANG_CXX_LANGUAGE_STANDARD = "gnu++0x";
				CLANG_CXX_LIBRARY = "libc++";
				CLANG_ENABLE_MODULES = YES;
				CLANG_ENABLE_OBJC_ARC = YES;
				CLANG_WARN_BOOL_CONVERSION = YES;
				CLANG_WARN_CONSTANT_CONVERSION = YES;
				CLANG_WARN_DIRECT_OBJC_ISA_USAGE = YES_ERROR;
				CLANG_WARN_EMPTY_BODY = YES;
				CLANG_WARN_ENUM_CONVERSION = YES;
				CLANG_WARN_INT_CONVERSION = YES;
				CLANG_WARN_OBJC_ROOT_CLASS = YES_ERROR;
				CLANG_WARN__DUPLICATE_METHOD_MATCH = YES;
				COPY_PHASE_STRIP = NO;
				GCC_C_LANGUAGE_STANDARD = gnu99;
				GCC_DYNAMIC_NO_PIC = NO;
				GCC_OPTIMIZATION_LEVEL = 0;
				GCC_PREPROCESSOR_DEFINITIONS = (
					"DEBUG=1",
					"$(inherited)",
				);
				GCC_SYMBOLS_PRIVATE_EXTERN = NO;
				GCC_WARN_64_TO_32_BIT_CONVERSION = YES;
				GCC_WARN_ABOUT_RETURN_TYPE = YES_ERROR;
				GCC_WARN_UNDECLARED_SELECTOR = YES;
				GCC_WARN_UNINITIALIZED_AUTOS = YES_AGGRESSIVE;
				GCC_WARN_UNUSED_FUNCTION = YES;
				GCC_WARN_UNUSED_VARIABLE = YES;
				IPHONEOS_DEPLOYMENT_TARGET = 7.1;
				ONLY_ACTIVE_ARCH = YES;
				SDKROOT = iphoneos;
			};
			name = Debug;
		};
		D8312CCD1995ECA5005924D2 /* Release */ = {
			isa = XCBuildConfiguration;
			buildSettings = {
				ALWAYS_SEARCH_USER_PATHS = NO;
				CLANG_CXX_LANGUAGE_STANDARD = "gnu++0x";
				CLANG_CXX_LIBRARY = "libc++";
				CLANG_ENABLE_MODULES = YES;
				CLANG_ENABLE_OBJC_ARC = YES;
				CLANG_WARN_BOOL_CONVERSION = YES;
				CLANG_WARN_CONSTANT_CONVERSION = YES;
				CLANG_WARN_DIRECT_OBJC_ISA_USAGE = YES_ERROR;
				CLANG_WARN_EMPTY_BODY = YES;
				CLANG_WARN_ENUM_CONVERSION = YES;
				CLANG_WARN_INT_CONVERSION = YES;
				CLANG_WARN_OBJC_ROOT_CLASS = YES_ERROR;
				CLANG_WARN__DUPLICATE_METHOD_MATCH = YES;
				COPY_PHASE_STRIP = YES;
				ENABLE_NS_ASSERTIONS = NO;
				GCC_C_LANGUAGE_STANDARD = gnu99;
				GCC_WARN_64_TO_32_BIT_CONVERSION = YES;
				GCC_WARN_ABOUT_RETURN_TYPE = YES_ERROR;
				GCC_WARN_UNDECLARED_SELECTOR = YES;
				GCC_WARN_UNINITIALIZED_AUTOS = YES_AGGRESSIVE;
				GCC_WARN_UNUSED_FUNCTION = YES;
				GCC_WARN_UNUSED_VARIABLE = YES;
				IPHONEOS_DEPLOYMENT_TARGET = 7.1;
				SDKROOT = iphoneos;
				VALIDATE_PRODUCT = YES;
			};
			name = Release;
		};
		D8312CCF1995ECA5005924D2 /* Debug */ = {
			isa = XCBuildConfiguration;
			buildSettings = {
				DSTROOT = /tmp/FLEXDylib.dst;
				GCC_PRECOMPILE_PREFIX_HEADER = YES;
				GCC_PREFIX_HEADER = "FLEXDylib/FLEXDylib-Prefix.pch";
				OTHER_LDFLAGS = "-ObjC";
				PRODUCT_NAME = "$(TARGET_NAME)";
				SKIP_INSTALL = YES;
			};
			name = Debug;
		};
		D8312CD01995ECA5005924D2 /* Release */ = {
			isa = XCBuildConfiguration;
			buildSettings = {
				DSTROOT = /tmp/FLEXDylib.dst;
				GCC_PRECOMPILE_PREFIX_HEADER = YES;
				GCC_PREFIX_HEADER = "FLEXDylib/FLEXDylib-Prefix.pch";
				OTHER_LDFLAGS = "-ObjC";
				PRODUCT_NAME = "$(TARGET_NAME)";
				SKIP_INSTALL = YES;
			};
			name = Release;
		};
		D8312CD21995ECA5005924D2 /* Debug */ = {
			isa = XCBuildConfiguration;
			buildSettings = {
				BUNDLE_LOADER = "$(BUILT_PRODUCTS_DIR)/FLEXDylib.dylib";
				FRAMEWORK_SEARCH_PATHS = (
					"$(SDKROOT)/Developer/Library/Frameworks",
					"$(inherited)",
					"$(DEVELOPER_FRAMEWORKS_DIR)",
				);
				GCC_PRECOMPILE_PREFIX_HEADER = YES;
				GCC_PREFIX_HEADER = "FLEXDylib/FLEXDylib-Prefix.pch";
				GCC_PREPROCESSOR_DEFINITIONS = (
					"DEBUG=1",
					"$(inherited)",
				);
				INFOPLIST_FILE = "FLEXDylibTests/FLEXDylibTests-Info.plist";
				PRODUCT_NAME = "$(TARGET_NAME)";
				TEST_HOST = "$(BUNDLE_LOADER)";
				WRAPPER_EXTENSION = xctest;
			};
			name = Debug;
		};
		D8312CD31995ECA5005924D2 /* Release */ = {
			isa = XCBuildConfiguration;
			buildSettings = {
				BUNDLE_LOADER = "$(BUILT_PRODUCTS_DIR)/FLEXDylib.dylib";
				FRAMEWORK_SEARCH_PATHS = (
					"$(SDKROOT)/Developer/Library/Frameworks",
					"$(inherited)",
					"$(DEVELOPER_FRAMEWORKS_DIR)",
				);
				GCC_PRECOMPILE_PREFIX_HEADER = YES;
				GCC_PREFIX_HEADER = "FLEXDylib/FLEXDylib-Prefix.pch";
				INFOPLIST_FILE = "FLEXDylibTests/FLEXDylibTests-Info.plist";
				PRODUCT_NAME = "$(TARGET_NAME)";
				TEST_HOST = "$(BUNDLE_LOADER)";
				WRAPPER_EXTENSION = xctest;
			};
			name = Release;
		};
/* End XCBuildConfiguration section */

/* Begin XCConfigurationList section */
		D8312CA61995ECA5005924D2 /* Build configuration list for PBXProject "FLEXDylib" */ = {
			isa = XCConfigurationList;
			buildConfigurations = (
				D8312CCC1995ECA5005924D2 /* Debug */,
				D8312CCD1995ECA5005924D2 /* Release */,
			);
			defaultConfigurationIsVisible = 0;
			defaultConfigurationName = Release;
		};
		D8312CCE1995ECA5005924D2 /* Build configuration list for PBXNativeTarget "FLEXDylib" */ = {
			isa = XCConfigurationList;
			buildConfigurations = (
				D8312CCF1995ECA5005924D2 /* Debug */,
				D8312CD01995ECA5005924D2 /* Release */,
			);
			defaultConfigurationIsVisible = 0;
		};
		D8312CD11995ECA5005924D2 /* Build configuration list for PBXNativeTarget "FLEXDylibTests" */ = {
			isa = XCConfigurationList;
			buildConfigurations = (
				D8312CD21995ECA5005924D2 /* Debug */,
				D8312CD31995ECA5005924D2 /* Release */,
			);
			defaultConfigurationIsVisible = 0;
		};
/* End XCConfigurationList section */
	};
	rootObject = D8312CA31995ECA5005924D2 /* Project object */;
}
