// !$*UTF8*$!
{
	archiveVersion = 1;
	classes = {
	};
	objectVersion = 46;
	objects = {

/* Begin PBXBuildFile section */
		D8312CAF1995ECA5005924D2 /* Foundation.framework in Frameworks */ = {isa = PBXBuildFile; fileRef = D8312CAE1995ECA5005924D2 /* Foundation.framework */; };
		D8312CB41995ECA5005924D2 /* FLEXDylib.h in CopyFiles */ = {isa = PBXBuildFile; fileRef = D8312CB31995ECA5005924D2 /* FLEXDylib.h */; };
		D8312CB61995ECA5005924D2 /* FLEXDylib.m in Sources */ = {isa = PBXBuildFile; fileRef = D8312CB51995ECA5005924D2 /* FLEXDylib.m */; };
		D8312CBD1995ECA5005924D2 /* XCTest.framework in Frameworks */ = {isa = PBXBuildFile; fileRef = D8312CBC1995ECA5005924D2 /* XCTest.framework */; };
		D8312CBE1995ECA5005924D2 /* Foundation.framework in Frameworks */ = {isa = PBXBuildFile; fileRef = D8312CAE1995ECA5005924D2 /* Foundation.framework */; };
		D8312CC01995ECA5005924D2 /* UIKit.framework in Frameworks */ = {isa = PBXBuildFile; fileRef = D8312CBF1995ECA5005924D2 /* UIKit.framework */; };
		D8312CC31995ECA5005924D2 /* FLEXDylib.dylib in Frameworks */ = {isa = PBXBuildFile; fileRef = D8312CAB1995ECA5005924D2 /* FLEXDylib.dylib */; };
		D8312CC91995ECA5005924D2 /* InfoPlist.strings in Resources */ = {isa = PBXBuildFile; fileRef = D8312CC71995ECA5005924D2 /* InfoPlist.strings */; };
		D8312CCB1995ECA5005924D2 /* FLEXDylibTests.m in Sources */ = {isa = PBXBuildFile; fileRef = D8312CCA1995ECA5005924D2 /* FLEXDylibTests.m */; };
		D8312D3F1995ED11005924D2 /* FLEXArgumentInputColorView.m in Sources */ = {isa = PBXBuildFile; fileRef = D8312CD81995ED11005924D2 /* FLEXArgumentInputColorView.m */; };
		D8312D401995ED11005924D2 /* FLEXArgumentInputFontsPickerView.m in Sources */ = {isa = PBXBuildFile; fileRef = D8312CDA1995ED11005924D2 /* FLEXArgumentInputFontsPickerView.m */; };
		D8312D411995ED11005924D2 /* FLEXArgumentInputFontView.m in Sources */ = {isa = PBXBuildFile; fileRef = D8312CDC1995ED11005924D2 /* FLEXArgumentInputFontView.m */; };
		D8312D421995ED11005924D2 /* FLEXArgumentInputJSONObjectView.m in Sources */ = {isa = PBXBuildFile; fileRef = D8312CDE1995ED11005924D2 /* FLEXArgumentInputJSONObjectView.m */; };
		D8312D431995ED11005924D2 /* FLEXArgumentInputNotSupportedView.m in Sources */ = {isa = PBXBuildFile; fileRef = D8312CE01995ED11005924D2 /* FLEXArgumentInputNotSupportedView.m */; };
		D8312D441995ED11005924D2 /* FLEXArgumentInputNumberView.m in Sources */ = {isa = PBXBuildFile; fileRef = D8312CE21995ED11005924D2 /* FLEXArgumentInputNumberView.m */; };
		D8312D451995ED11005924D2 /* FLEXArgumentInputStringView.m in Sources */ = {isa = PBXBuildFile; fileRef = D8312CE41995ED11005924D2 /* FLEXArgumentInputStringView.m */; };
		D8312D461995ED11005924D2 /* FLEXArgumentInputStructView.m in Sources */ = {isa = PBXBuildFile; fileRef = D8312CE61995ED11005924D2 /* FLEXArgumentInputStructView.m */; };
		D8312D471995ED11005924D2 /* FLEXArgumentInputSwitchView.m in Sources */ = {isa = PBXBuildFile; fileRef = D8312CE81995ED11005924D2 /* FLEXArgumentInputSwitchView.m */; };
		D8312D481995ED11005924D2 /* FLEXArgumentInputTextView.m in Sources */ = {isa = PBXBuildFile; fileRef = D8312CEA1995ED11005924D2 /* FLEXArgumentInputTextView.m */; };
		D8312D491995ED11005924D2 /* FLEXArgumentInputView.m in Sources */ = {isa = PBXBuildFile; fileRef = D8312CEC1995ED11005924D2 /* FLEXArgumentInputView.m */; };
		D8312D4A1995ED11005924D2 /* FLEXArgumentInputViewFactory.m in Sources */ = {isa = PBXBuildFile; fileRef = D8312CEE1995ED11005924D2 /* FLEXArgumentInputViewFactory.m */; };
		D8312D4B1995ED11005924D2 /* FLEXDefaultEditorViewController.m in Sources */ = {isa = PBXBuildFile; fileRef = D8312CF01995ED11005924D2 /* FLEXDefaultEditorViewController.m */; };
		D8312D4C1995ED11005924D2 /* FLEXFieldEditorView.m in Sources */ = {isa = PBXBuildFile; fileRef = D8312CF21995ED11005924D2 /* FLEXFieldEditorView.m */; };
		D8312D4D1995ED11005924D2 /* FLEXFieldEditorViewController.m in Sources */ = {isa = PBXBuildFile; fileRef = D8312CF41995ED11005924D2 /* FLEXFieldEditorViewController.m */; };
		D8312D4E1995ED11005924D2 /* FLEXIvarEditorViewController.m in Sources */ = {isa = PBXBuildFile; fileRef = D8312CF61995ED11005924D2 /* FLEXIvarEditorViewController.m */; };
		D8312D4F1995ED11005924D2 /* FLEXMethodCallingViewController.m in Sources */ = {isa = PBXBuildFile; fileRef = D8312CF81995ED11005924D2 /* FLEXMethodCallingViewController.m */; };
		D8312D501995ED11005924D2 /* FLEXPropertyEditorViewController.m in Sources */ = {isa = PBXBuildFile; fileRef = D8312CFA1995ED11005924D2 /* FLEXPropertyEditorViewController.m */; };
		D8312D511995ED11005924D2 /* FLEXExplorerToolbar.m in Sources */ = {isa = PBXBuildFile; fileRef = D8312CFD1995ED11005924D2 /* FLEXExplorerToolbar.m */; };
		D8312D521995ED11005924D2 /* FLEXExplorerViewController.m in Sources */ = {isa = PBXBuildFile; fileRef = D8312CFF1995ED11005924D2 /* FLEXExplorerViewController.m */; };
		D8312D531995ED11005924D2 /* FLEXManager.m in Sources */ = {isa = PBXBuildFile; fileRef = D8312D021995ED11005924D2 /* FLEXManager.m */; };
		D8312D541995ED11005924D2 /* FLEXToolbarItem.m in Sources */ = {isa = PBXBuildFile; fileRef = D8312D041995ED11005924D2 /* FLEXToolbarItem.m */; };
		D8312D551995ED11005924D2 /* FLEXWindow.m in Sources */ = {isa = PBXBuildFile; fileRef = D8312D061995ED11005924D2 /* FLEXWindow.m */; };
		D8312D561995ED11005924D2 /* FLEXClassesTableViewController.m in Sources */ = {isa = PBXBuildFile; fileRef = D8312D091995ED11005924D2 /* FLEXClassesTableViewController.m */; };
		D8312D571995ED11005924D2 /* FLEXFileBrowserTableViewController.m in Sources */ = {isa = PBXBuildFile; fileRef = D8312D0B1995ED11005924D2 /* FLEXFileBrowserTableViewController.m */; };
		D8312D581995ED11005924D2 /* FLEXGlobalsTableViewController.m in Sources */ = {isa = PBXBuildFile; fileRef = D8312D0D1995ED11005924D2 /* FLEXGlobalsTableViewController.m */; };
		D8312D591995ED11005924D2 /* FLEXInstancesTableViewController.m in Sources */ = {isa = PBXBuildFile; fileRef = D8312D0F1995ED11005924D2 /* FLEXInstancesTableViewController.m */; };
		D8312D5A1995ED11005924D2 /* FLEXLibrariesTableViewController.m in Sources */ = {isa = PBXBuildFile; fileRef = D8312D111995ED11005924D2 /* FLEXLibrariesTableViewController.m */; };
		D8312D5B1995ED11005924D2 /* FLEXLiveObjectsTableViewController.m in Sources */ = {isa = PBXBuildFile; fileRef = D8312D131995ED11005924D2 /* FLEXLiveObjectsTableViewController.m */; };
		D8312D5C1995ED11005924D2 /* FLEXWebViewController.m in Sources */ = {isa = PBXBuildFile; fileRef = D8312D151995ED11005924D2 /* FLEXWebViewController.m */; };
		D8312D5D1995ED11005924D2 /* FLEXArrayExplorerViewController.m in Sources */ = {isa = PBXBuildFile; fileRef = D8312D181995ED11005924D2 /* FLEXArrayExplorerViewController.m */; };
		D8312D5E1995ED11005924D2 /* FLEXClassExplorerViewController.m in Sources */ = {isa = PBXBuildFile; fileRef = D8312D1A1995ED11005924D2 /* FLEXClassExplorerViewController.m */; };
		D8312D5F1995ED11005924D2 /* FLEXDefaultsExplorerViewController.m in Sources */ = {isa = PBXBuildFile; fileRef = D8312D1C1995ED11005924D2 /* FLEXDefaultsExplorerViewController.m */; };
		D8312D601995ED11005924D2 /* FLEXDescriptionTableViewCell.m in Sources */ = {isa = PBXBuildFile; fileRef = D8312D1E1995ED11005924D2 /* FLEXDescriptionTableViewCell.m */; };
		D8312D611995ED11005924D2 /* FLEXDictionaryExplorerViewController.m in Sources */ = {isa = PBXBuildFile; fileRef = D8312D201995ED11005924D2 /* FLEXDictionaryExplorerViewController.m */; };
		D8312D621995ED11005924D2 /* FLEXGlobalsTableViewControllerEntry.m in Sources */ = {isa = PBXBuildFile; fileRef = D8312D221995ED11005924D2 /* FLEXGlobalsTableViewControllerEntry.m */; };
		D8312D631995ED11005924D2 /* FLEXImageExplorerViewController.m in Sources */ = {isa = PBXBuildFile; fileRef = D8312D241995ED11005924D2 /* FLEXImageExplorerViewController.m */; };
		D8312D641995ED11005924D2 /* FLEXObjectExplorerFactory.m in Sources */ = {isa = PBXBuildFile; fileRef = D8312D261995ED11005924D2 /* FLEXObjectExplorerFactory.m */; };
		D8312D651995ED11005924D2 /* FLEXObjectExplorerViewController.m in Sources */ = {isa = PBXBuildFile; fileRef = D8312D281995ED11005924D2 /* FLEXObjectExplorerViewController.m */; };
		D8312D661995ED11005924D2 /* FLEXSetExplorerViewController.m in Sources */ = {isa = PBXBuildFile; fileRef = D8312D2A1995ED11005924D2 /* FLEXSetExplorerViewController.m */; };
		D8312D671995ED11005924D2 /* FLEXViewControllerExplorerViewController.m in Sources */ = {isa = PBXBuildFile; fileRef = D8312D2C1995ED11005924D2 /* FLEXViewControllerExplorerViewController.m */; };
		D8312D681995ED11005924D2 /* FLEXViewExplorerViewController.m in Sources */ = {isa = PBXBuildFile; fileRef = D8312D2E1995ED11005924D2 /* FLEXViewExplorerViewController.m */; };
		D8312D691995ED11005924D2 /* FLEXHeapEnumerator.m in Sources */ = {isa = PBXBuildFile; fileRef = D8312D311995ED11005924D2 /* FLEXHeapEnumerator.m */; };
		D8312D6A1995ED11005924D2 /* FLEXResources.m in Sources */ = {isa = PBXBuildFile; fileRef = D8312D331995ED11005924D2 /* FLEXResources.m */; };
		D8312D6B1995ED11005924D2 /* FLEXRuntimeUtility.m in Sources */ = {isa = PBXBuildFile; fileRef = D8312D351995ED11005924D2 /* FLEXRuntimeUtility.m */; };
		D8312D6C1995ED11005924D2 /* FLEXUtility.m in Sources */ = {isa = PBXBuildFile; fileRef = D8312D371995ED11005924D2 /* FLEXUtility.m */; };
		D8312D6D1995ED11005924D2 /* FLEXHierarchyTableViewCell.m in Sources */ = {isa = PBXBuildFile; fileRef = D8312D3A1995ED11005924D2 /* FLEXHierarchyTableViewCell.m */; };
		D8312D6E1995ED11005924D2 /* FLEXHierarchyTableViewController.m in Sources */ = {isa = PBXBuildFile; fileRef = D8312D3C1995ED11005924D2 /* FLEXHierarchyTableViewController.m */; };
		D8312D6F1995ED11005924D2 /* FLEXImagePreviewViewController.m in Sources */ = {isa = PBXBuildFile; fileRef = D8312D3E1995ED11005924D2 /* FLEXImagePreviewViewController.m */; };
/* End PBXBuildFile section */

/* Begin PBXContainerItemProxy section */
		D8312CC11995ECA5005924D2 /* PBXContainerItemProxy */ = {
			isa = PBXContainerItemProxy;
			containerPortal = D8312CA31995ECA5005924D2 /* Project object */;
			proxyType = 1;
			remoteGlobalIDString = D8312CAA1995ECA5005924D2;
			remoteInfo = FLEXDylib;
		};
/* End PBXContainerItemProxy section */

/* Begin PBXCopyFilesBuildPhase section */
		D8312CA91995ECA5005924D2 /* CopyFiles */ = {
			isa = PBXCopyFilesBuildPhase;
			buildActionMask = 2147483647;
			dstPath = "include/$(PRODUCT_NAME)";
			dstSubfolderSpec = 16;
			files = (
				D8312CB41995ECA5005924D2 /* FLEXDylib.h in CopyFiles */,
			);
			runOnlyForDeploymentPostprocessing = 0;
		};
/* End PBXCopyFilesBuildPhase section */

/* Begin PBXFileReference section */
		D8312CAB1995ECA5005924D2 /* FLEXDylib.dylib */ = {isa = PBXFileReference; explicitFileType = "compiled.mach-o.dylib"; includeInIndex = 0; path = FLEXDylib.dylib; sourceTree = BUILT_PRODUCTS_DIR; };
		D8312CAE1995ECA5005924D2 /* Foundation.framework */ = {isa = PBXFileReference; lastKnownFileType = wrapper.framework; name = Foundation.framework; path = System/Library/Frameworks/Foundation.framework; sourceTree = SDKROOT; };
		D8312CB21995ECA5005924D2 /* FLEXDylib-Prefix.pch */ = {isa = PBXFileReference; lastKnownFileType = sourcecode.c.h; path = "FLEXDylib-Prefix.pch"; sourceTree = "<group>"; };
		D8312CB31995ECA5005924D2 /* FLEXDylib.h */ = {isa = PBXFileReference; lastKnownFileType = sourcecode.c.h; path = FLEXDylib.h; sourceTree = "<group>"; };
		D8312CB51995ECA5005924D2 /* FLEXDylib.m */ = {isa = PBXFileReference; lastKnownFileType = sourcecode.c.objc; path = FLEXDylib.m; sourceTree = "<group>"; };
		D8312CBB1995ECA5005924D2 /* FLEXDylibTests.xctest */ = {isa = PBXFileReference; explicitFileType = wrapper.cfbundle; includeInIndex = 0; path = FLEXDylibTests.xctest; sourceTree = BUILT_PRODUCTS_DIR; };
		D8312CBC1995ECA5005924D2 /* XCTest.framework */ = {isa = PBXFileReference; lastKnownFileType = wrapper.framework; name = XCTest.framework; path = Library/Frameworks/XCTest.framework; sourceTree = DEVELOPER_DIR; };
		D8312CBF1995ECA5005924D2 /* UIKit.framework */ = {isa = PBXFileReference; lastKnownFileType = wrapper.framework; name = UIKit.framework; path = Library/Frameworks/UIKit.framework; sourceTree = DEVELOPER_DIR; };
		D8312CC61995ECA5005924D2 /* FLEXDylibTests-Info.plist */ = {isa = PBXFileReference; lastKnownFileType = text.plist.xml; path = "FLEXDylibTests-Info.plist"; sourceTree = "<group>"; };
		D8312CC81995ECA5005924D2 /* en */ = {isa = PBXFileReference; lastKnownFileType = text.plist.strings; name = en; path = en.lproj/InfoPlist.strings; sourceTree = "<group>"; };
		D8312CCA1995ECA5005924D2 /* FLEXDylibTests.m */ = {isa = PBXFileReference; lastKnownFileType = sourcecode.c.objc; path = FLEXDylibTests.m; sourceTree = "<group>"; };
		D8312CD71995ED11005924D2 /* FLEXArgumentInputColorView.h */ = {isa = PBXFileReference; fileEncoding = 4; lastKnownFileType = sourcecode.c.h; path = FLEXArgumentInputColorView.h; sourceTree = "<group>"; };
		D8312CD81995ED11005924D2 /* FLEXArgumentInputColorView.m */ = {isa = PBXFileReference; fileEncoding = 4; lastKnownFileType = sourcecode.c.objc; path = FLEXArgumentInputColorView.m; sourceTree = "<group>"; };
		D8312CD91995ED11005924D2 /* FLEXArgumentInputFontsPickerView.h */ = {isa = PBXFileReference; fileEncoding = 4; lastKnownFileType = sourcecode.c.h; path = FLEXArgumentInputFontsPickerView.h; sourceTree = "<group>"; };
		D8312CDA1995ED11005924D2 /* FLEXArgumentInputFontsPickerView.m */ = {isa = PBXFileReference; fileEncoding = 4; lastKnownFileType = sourcecode.c.objc; path = FLEXArgumentInputFontsPickerView.m; sourceTree = "<group>"; };
		D8312CDB1995ED11005924D2 /* FLEXArgumentInputFontView.h */ = {isa = PBXFileReference; fileEncoding = 4; lastKnownFileType = sourcecode.c.h; path = FLEXArgumentInputFontView.h; sourceTree = "<group>"; };
		D8312CDC1995ED11005924D2 /* FLEXArgumentInputFontView.m */ = {isa = PBXFileReference; fileEncoding = 4; lastKnownFileType = sourcecode.c.objc; path = FLEXArgumentInputFontView.m; sourceTree = "<group>"; };
		D8312CDD1995ED11005924D2 /* FLEXArgumentInputJSONObjectView.h */ = {isa = PBXFileReference; fileEncoding = 4; lastKnownFileType = sourcecode.c.h; path = FLEXArgumentInputJSONObjectView.h; sourceTree = "<group>"; };
		D8312CDE1995ED11005924D2 /* FLEXArgumentInputJSONObjectView.m */ = {isa = PBXFileReference; fileEncoding = 4; lastKnownFileType = sourcecode.c.objc; path = FLEXArgumentInputJSONObjectView.m; sourceTree = "<group>"; };
		D8312CDF1995ED11005924D2 /* FLEXArgumentInputNotSupportedView.h */ = {isa = PBXFileReference; fileEncoding = 4; lastKnownFileType = sourcecode.c.h; path = FLEXArgumentInputNotSupportedView.h; sourceTree = "<group>"; };
		D8312CE01995ED11005924D2 /* FLEXArgumentInputNotSupportedView.m */ = {isa = PBXFileReference; fileEncoding = 4; lastKnownFileType = sourcecode.c.objc; path = FLEXArgumentInputNotSupportedView.m; sourceTree = "<group>"; };
		D8312CE11995ED11005924D2 /* FLEXArgumentInputNumberView.h */ = {isa = PBXFileReference; fileEncoding = 4; lastKnownFileType = sourcecode.c.h; path = FLEXArgumentInputNumberView.h; sourceTree = "<group>"; };
		D8312CE21995ED11005924D2 /* FLEXArgumentInputNumberView.m */ = {isa = PBXFileReference; fileEncoding = 4; lastKnownFileType = sourcecode.c.objc; path = FLEXArgumentInputNumberView.m; sourceTree = "<group>"; };
		D8312CE31995ED11005924D2 /* FLEXArgumentInputStringView.h */ = {isa = PBXFileReference; fileEncoding = 4; lastKnownFileType = sourcecode.c.h; path = FLEXArgumentInputStringView.h; sourceTree = "<group>"; };
		D8312CE41995ED11005924D2 /* FLEXArgumentInputStringView.m */ = {isa = PBXFileReference; fileEncoding = 4; lastKnownFileType = sourcecode.c.objc; path = FLEXArgumentInputStringView.m; sourceTree = "<group>"; };
		D8312CE51995ED11005924D2 /* FLEXArgumentInputStructView.h */ = {isa = PBXFileReference; fileEncoding = 4; lastKnownFileType = sourcecode.c.h; path = FLEXArgumentInputStructView.h; sourceTree = "<group>"; };
		D8312CE61995ED11005924D2 /* FLEXArgumentInputStructView.m */ = {isa = PBXFileReference; fileEncoding = 4; lastKnownFileType = sourcecode.c.objc; path = FLEXArgumentInputStructView.m; sourceTree = "<group>"; };
		D8312CE71995ED11005924D2 /* FLEXArgumentInputSwitchView.h */ = {isa = PBXFileReference; fileEncoding = 4; lastKnownFileType = sourcecode.c.h; path = FLEXArgumentInputSwitchView.h; sourceTree = "<group>"; };
		D8312CE81995ED11005924D2 /* FLEXArgumentInputSwitchView.m */ = {isa = PBXFileReference; fileEncoding = 4; lastKnownFileType = sourcecode.c.objc; path = FLEXArgumentInputSwitchView.m; sourceTree = "<group>"; };
		D8312CE91995ED11005924D2 /* FLEXArgumentInputTextView.h */ = {isa = PBXFileReference; fileEncoding = 4; lastKnownFileType = sourcecode.c.h; path = FLEXArgumentInputTextView.h; sourceTree = "<group>"; };
		D8312CEA1995ED11005924D2 /* FLEXArgumentInputTextView.m */ = {isa = PBXFileReference; fileEncoding = 4; lastKnownFileType = sourcecode.c.objc; path = FLEXArgumentInputTextView.m; sourceTree = "<group>"; };
		D8312CEB1995ED11005924D2 /* FLEXArgumentInputView.h */ = {isa = PBXFileReference; fileEncoding = 4; lastKnownFileType = sourcecode.c.h; path = FLEXArgumentInputView.h; sourceTree = "<group>"; };
		D8312CEC1995ED11005924D2 /* FLEXArgumentInputView.m */ = {isa = PBXFileReference; fileEncoding = 4; lastKnownFileType = sourcecode.c.objc; path = FLEXArgumentInputView.m; sourceTree = "<group>"; };
		D8312CED1995ED11005924D2 /* FLEXArgumentInputViewFactory.h */ = {isa = PBXFileReference; fileEncoding = 4; lastKnownFileType = sourcecode.c.h; path = FLEXArgumentInputViewFactory.h; sourceTree = "<group>"; };
		D8312CEE1995ED11005924D2 /* FLEXArgumentInputViewFactory.m */ = {isa = PBXFileReference; fileEncoding = 4; lastKnownFileType = sourcecode.c.objc; path = FLEXArgumentInputViewFactory.m; sourceTree = "<group>"; };
		D8312CEF1995ED11005924D2 /* FLEXDefaultEditorViewController.h */ = {isa = PBXFileReference; fileEncoding = 4; lastKnownFileType = sourcecode.c.h; path = FLEXDefaultEditorViewController.h; sourceTree = "<group>"; };
		D8312CF01995ED11005924D2 /* FLEXDefaultEditorViewController.m */ = {isa = PBXFileReference; fileEncoding = 4; lastKnownFileType = sourcecode.c.objc; path = FLEXDefaultEditorViewController.m; sourceTree = "<group>"; };
		D8312CF11995ED11005924D2 /* FLEXFieldEditorView.h */ = {isa = PBXFileReference; fileEncoding = 4; lastKnownFileType = sourcecode.c.h; path = FLEXFieldEditorView.h; sourceTree = "<group>"; };
		D8312CF21995ED11005924D2 /* FLEXFieldEditorView.m */ = {isa = PBXFileReference; fileEncoding = 4; lastKnownFileType = sourcecode.c.objc; path = FLEXFieldEditorView.m; sourceTree = "<group>"; };
		D8312CF31995ED11005924D2 /* FLEXFieldEditorViewController.h */ = {isa = PBXFileReference; fileEncoding = 4; lastKnownFileType = sourcecode.c.h; path = FLEXFieldEditorViewController.h; sourceTree = "<group>"; };
		D8312CF41995ED11005924D2 /* FLEXFieldEditorViewController.m */ = {isa = PBXFileReference; fileEncoding = 4; lastKnownFileType = sourcecode.c.objc; path = FLEXFieldEditorViewController.m; sourceTree = "<group>"; };
		D8312CF51995ED11005924D2 /* FLEXIvarEditorViewController.h */ = {isa = PBXFileReference; fileEncoding = 4; lastKnownFileType = sourcecode.c.h; path = FLEXIvarEditorViewController.h; sourceTree = "<group>"; };
		D8312CF61995ED11005924D2 /* FLEXIvarEditorViewController.m */ = {isa = PBXFileReference; fileEncoding = 4; lastKnownFileType = sourcecode.c.objc; path = FLEXIvarEditorViewController.m; sourceTree = "<group>"; };
		D8312CF71995ED11005924D2 /* FLEXMethodCallingViewController.h */ = {isa = PBXFileReference; fileEncoding = 4; lastKnownFileType = sourcecode.c.h; path = FLEXMethodCallingViewController.h; sourceTree = "<group>"; };
		D8312CF81995ED11005924D2 /* FLEXMethodCallingViewController.m */ = {isa = PBXFileReference; fileEncoding = 4; lastKnownFileType = sourcecode.c.objc; path = FLEXMethodCallingViewController.m; sourceTree = "<group>"; };
		D8312CF91995ED11005924D2 /* FLEXPropertyEditorViewController.h */ = {isa = PBXFileReference; fileEncoding = 4; lastKnownFileType = sourcecode.c.h; path = FLEXPropertyEditorViewController.h; sourceTree = "<group>"; };
		D8312CFA1995ED11005924D2 /* FLEXPropertyEditorViewController.m */ = {isa = PBXFileReference; fileEncoding = 4; lastKnownFileType = sourcecode.c.objc; path = FLEXPropertyEditorViewController.m; sourceTree = "<group>"; };
		D8312CFC1995ED11005924D2 /* FLEXExplorerToolbar.h */ = {isa = PBXFileReference; fileEncoding = 4; lastKnownFileType = sourcecode.c.h; path = FLEXExplorerToolbar.h; sourceTree = "<group>"; };
		D8312CFD1995ED11005924D2 /* FLEXExplorerToolbar.m */ = {isa = PBXFileReference; fileEncoding = 4; lastKnownFileType = sourcecode.c.objc; path = FLEXExplorerToolbar.m; sourceTree = "<group>"; };
		D8312CFE1995ED11005924D2 /* FLEXExplorerViewController.h */ = {isa = PBXFileReference; fileEncoding = 4; lastKnownFileType = sourcecode.c.h; path = FLEXExplorerViewController.h; sourceTree = "<group>"; };
		D8312CFF1995ED11005924D2 /* FLEXExplorerViewController.m */ = {isa = PBXFileReference; fileEncoding = 4; lastKnownFileType = sourcecode.c.objc; path = FLEXExplorerViewController.m; sourceTree = "<group>"; };
		D8312D001995ED11005924D2 /* FLEXManager+Private.h */ = {isa = PBXFileReference; fileEncoding = 4; lastKnownFileType = sourcecode.c.h; path = "FLEXManager+Private.h"; sourceTree = "<group>"; };
		D8312D011995ED11005924D2 /* FLEXManager.h */ = {isa = PBXFileReference; fileEncoding = 4; lastKnownFileType = sourcecode.c.h; path = FLEXManager.h; sourceTree = "<group>"; };
		D8312D021995ED11005924D2 /* FLEXManager.m */ = {isa = PBXFileReference; fileEncoding = 4; lastKnownFileType = sourcecode.c.objc; path = FLEXManager.m; sourceTree = "<group>"; };
		D8312D031995ED11005924D2 /* FLEXToolbarItem.h */ = {isa = PBXFileReference; fileEncoding = 4; lastKnownFileType = sourcecode.c.h; path = FLEXToolbarItem.h; sourceTree = "<group>"; };
		D8312D041995ED11005924D2 /* FLEXToolbarItem.m */ = {isa = PBXFileReference; fileEncoding = 4; lastKnownFileType = sourcecode.c.objc; path = FLEXToolbarItem.m; sourceTree = "<group>"; };
		D8312D051995ED11005924D2 /* FLEXWindow.h */ = {isa = PBXFileReference; fileEncoding = 4; lastKnownFileType = sourcecode.c.h; path = FLEXWindow.h; sourceTree = "<group>"; };
		D8312D061995ED11005924D2 /* FLEXWindow.m */ = {isa = PBXFileReference; fileEncoding = 4; lastKnownFileType = sourcecode.c.objc; path = FLEXWindow.m; sourceTree = "<group>"; };
		D8312D081995ED11005924D2 /* FLEXClassesTableViewController.h */ = {isa = PBXFileReference; fileEncoding = 4; lastKnownFileType = sourcecode.c.h; path = FLEXClassesTableViewController.h; sourceTree = "<group>"; };
		D8312D091995ED11005924D2 /* FLEXClassesTableViewController.m */ = {isa = PBXFileReference; fileEncoding = 4; lastKnownFileType = sourcecode.c.objc; path = FLEXClassesTableViewController.m; sourceTree = "<group>"; };
		D8312D0A1995ED11005924D2 /* FLEXFileBrowserTableViewController.h */ = {isa = PBXFileReference; fileEncoding = 4; lastKnownFileType = sourcecode.c.h; path = FLEXFileBrowserTableViewController.h; sourceTree = "<group>"; };
		D8312D0B1995ED11005924D2 /* FLEXFileBrowserTableViewController.m */ = {isa = PBXFileReference; fileEncoding = 4; lastKnownFileType = sourcecode.c.objc; path = FLEXFileBrowserTableViewController.m; sourceTree = "<group>"; };
		D8312D0C1995ED11005924D2 /* FLEXGlobalsTableViewController.h */ = {isa = PBXFileReference; fileEncoding = 4; lastKnownFileType = sourcecode.c.h; path = FLEXGlobalsTableViewController.h; sourceTree = "<group>"; };
		D8312D0D1995ED11005924D2 /* FLEXGlobalsTableViewController.m */ = {isa = PBXFileReference; fileEncoding = 4; lastKnownFileType = sourcecode.c.objc; path = FLEXGlobalsTableViewController.m; sourceTree = "<group>"; };
		D8312D0E1995ED11005924D2 /* FLEXInstancesTableViewController.h */ = {isa = PBXFileReference; fileEncoding = 4; lastKnownFileType = sourcecode.c.h; path = FLEXInstancesTableViewController.h; sourceTree = "<group>"; };
		D8312D0F1995ED11005924D2 /* FLEXInstancesTableViewController.m */ = {isa = PBXFileReference; fileEncoding = 4; lastKnownFileType = sourcecode.c.objc; path = FLEXInstancesTableViewController.m; sourceTree = "<group>"; };
		D8312D101995ED11005924D2 /* FLEXLibrariesTableViewController.h */ = {isa = PBXFileReference; fileEncoding = 4; lastKnownFileType = sourcecode.c.h; path = FLEXLibrariesTableViewController.h; sourceTree = "<group>"; };
		D8312D111995ED11005924D2 /* FLEXLibrariesTableViewController.m */ = {isa = PBXFileReference; fileEncoding = 4; lastKnownFileType = sourcecode.c.objc; path = FLEXLibrariesTableViewController.m; sourceTree = "<group>"; };
		D8312D121995ED11005924D2 /* FLEXLiveObjectsTableViewController.h */ = {isa = PBXFileReference; fileEncoding = 4; lastKnownFileType = sourcecode.c.h; path = FLEXLiveObjectsTableViewController.h; sourceTree = "<group>"; };
		D8312D131995ED11005924D2 /* FLEXLiveObjectsTableViewController.m */ = {isa = PBXFileReference; fileEncoding = 4; lastKnownFileType = sourcecode.c.objc; path = FLEXLiveObjectsTableViewController.m; sourceTree = "<group>"; };
		D8312D141995ED11005924D2 /* FLEXWebViewController.h */ = {isa = PBXFileReference; fileEncoding = 4; lastKnownFileType = sourcecode.c.h; path = FLEXWebViewController.h; sourceTree = "<group>"; };
		D8312D151995ED11005924D2 /* FLEXWebViewController.m */ = {isa = PBXFileReference; fileEncoding = 4; lastKnownFileType = sourcecode.c.objc; path = FLEXWebViewController.m; sourceTree = "<group>"; };
		D8312D171995ED11005924D2 /* FLEXArrayExplorerViewController.h */ = {isa = PBXFileReference; fileEncoding = 4; lastKnownFileType = sourcecode.c.h; path = FLEXArrayExplorerViewController.h; sourceTree = "<group>"; };
		D8312D181995ED11005924D2 /* FLEXArrayExplorerViewController.m */ = {isa = PBXFileReference; fileEncoding = 4; lastKnownFileType = sourcecode.c.objc; path = FLEXArrayExplorerViewController.m; sourceTree = "<group>"; };
		D8312D191995ED11005924D2 /* FLEXClassExplorerViewController.h */ = {isa = PBXFileReference; fileEncoding = 4; lastKnownFileType = sourcecode.c.h; path = FLEXClassExplorerViewController.h; sourceTree = "<group>"; };
		D8312D1A1995ED11005924D2 /* FLEXClassExplorerViewController.m */ = {isa = PBXFileReference; fileEncoding = 4; lastKnownFileType = sourcecode.c.objc; path = FLEXClassExplorerViewController.m; sourceTree = "<group>"; };
		D8312D1B1995ED11005924D2 /* FLEXDefaultsExplorerViewController.h */ = {isa = PBXFileReference; fileEncoding = 4; lastKnownFileType = sourcecode.c.h; path = FLEXDefaultsExplorerViewController.h; sourceTree = "<group>"; };
		D8312D1C1995ED11005924D2 /* FLEXDefaultsExplorerViewController.m */ = {isa = PBXFileReference; fileEncoding = 4; lastKnownFileType = sourcecode.c.objc; path = FLEXDefaultsExplorerViewController.m; sourceTree = "<group>"; };
		D8312D1D1995ED11005924D2 /* FLEXDescriptionTableViewCell.h */ = {isa = PBXFileReference; fileEncoding = 4; lastKnownFileType = sourcecode.c.h; path = FLEXDescriptionTableViewCell.h; sourceTree = "<group>"; };
		D8312D1E1995ED11005924D2 /* FLEXDescriptionTableViewCell.m */ = {isa = PBXFileReference; fileEncoding = 4; lastKnownFileType = sourcecode.c.objc; path = FLEXDescriptionTableViewCell.m; sourceTree = "<group>"; };
		D8312D1F1995ED11005924D2 /* FLEXDictionaryExplorerViewController.h */ = {isa = PBXFileReference; fileEncoding = 4; lastKnownFileType = sourcecode.c.h; path = FLEXDictionaryExplorerViewController.h; sourceTree = "<group>"; };
		D8312D201995ED11005924D2 /* FLEXDictionaryExplorerViewController.m */ = {isa = PBXFileReference; fileEncoding = 4; lastKnownFileType = sourcecode.c.objc; path = FLEXDictionaryExplorerViewController.m; sourceTree = "<group>"; };
		D8312D211995ED11005924D2 /* FLEXGlobalsTableViewControllerEntry.h */ = {isa = PBXFileReference; fileEncoding = 4; lastKnownFileType = sourcecode.c.h; path = FLEXGlobalsTableViewControllerEntry.h; sourceTree = "<group>"; };
		D8312D221995ED11005924D2 /* FLEXGlobalsTableViewControllerEntry.m */ = {isa = PBXFileReference; fileEncoding = 4; lastKnownFileType = sourcecode.c.objc; path = FLEXGlobalsTableViewControllerEntry.m; sourceTree = "<group>"; };
		D8312D231995ED11005924D2 /* FLEXImageExplorerViewController.h */ = {isa = PBXFileReference; fileEncoding = 4; lastKnownFileType = sourcecode.c.h; path = FLEXImageExplorerViewController.h; sourceTree = "<group>"; };
		D8312D241995ED11005924D2 /* FLEXImageExplorerViewController.m */ = {isa = PBXFileReference; fileEncoding = 4; lastKnownFileType = sourcecode.c.objc; path = FLEXImageExplorerViewController.m; sourceTree = "<group>"; };
		D8312D251995ED11005924D2 /* FLEXObjectExplorerFactory.h */ = {isa = PBXFileReference; fileEncoding = 4; lastKnownFileType = sourcecode.c.h; path = FLEXObjectExplorerFactory.h; sourceTree = "<group>"; };
		D8312D261995ED11005924D2 /* FLEXObjectExplorerFactory.m */ = {isa = PBXFileReference; fileEncoding = 4; lastKnownFileType = sourcecode.c.objc; path = FLEXObjectExplorerFactory.m; sourceTree = "<group>"; };
		D8312D271995ED11005924D2 /* FLEXObjectExplorerViewController.h */ = {isa = PBXFileReference; fileEncoding = 4; lastKnownFileType = sourcecode.c.h; path = FLEXObjectExplorerViewController.h; sourceTree = "<group>"; };
		D8312D281995ED11005924D2 /* FLEXObjectExplorerViewController.m */ = {isa = PBXFileReference; fileEncoding = 4; lastKnownFileType = sourcecode.c.objc; path = FLEXObjectExplorerViewController.m; sourceTree = "<group>"; };
		D8312D291995ED11005924D2 /* FLEXSetExplorerViewController.h */ = {isa = PBXFileReference; fileEncoding = 4; lastKnownFileType = sourcecode.c.h; path = FLEXSetExplorerViewController.h; sourceTree = "<group>"; };
		D8312D2A1995ED11005924D2 /* FLEXSetExplorerViewController.m */ = {isa = PBXFileReference; fileEncoding = 4; lastKnownFileType = sourcecode.c.objc; path = FLEXSetExplorerViewController.m; sourceTree = "<group>"; };
		D8312D2B1995ED11005924D2 /* FLEXViewControllerExplorerViewController.h */ = {isa = PBXFileReference; fileEncoding = 4; lastKnownFileType = sourcecode.c.h; path = FLEXViewControllerExplorerViewController.h; sourceTree = "<group>"; };
		D8312D2C1995ED11005924D2 /* FLEXViewControllerExplorerViewController.m */ = {isa = PBXFileReference; fileEncoding = 4; lastKnownFileType = sourcecode.c.objc; path = FLEXViewControllerExplorerViewController.m; sourceTree = "<group>"; };
		D8312D2D1995ED11005924D2 /* FLEXViewExplorerViewController.h */ = {isa = PBXFileReference; fileEncoding = 4; lastKnownFileType = sourcecode.c.h; path = FLEXViewExplorerViewController.h; sourceTree = "<group>"; };
		D8312D2E1995ED11005924D2 /* FLEXViewExplorerViewController.m */ = {isa = PBXFileReference; fileEncoding = 4; lastKnownFileType = sourcecode.c.objc; path = FLEXViewExplorerViewController.m; sourceTree = "<group>"; };
		D8312D301995ED11005924D2 /* FLEXHeapEnumerator.h */ = {isa = PBXFileReference; fileEncoding = 4; lastKnownFileType = sourcecode.c.h; path = FLEXHeapEnumerator.h; sourceTree = "<group>"; };
		D8312D311995ED11005924D2 /* FLEXHeapEnumerator.m */ = {isa = PBXFileReference; fileEncoding = 4; lastKnownFileType = sourcecode.c.objc; path = FLEXHeapEnumerator.m; sourceTree = "<group>"; };
		D8312D321995ED11005924D2 /* FLEXResources.h */ = {isa = PBXFileReference; fileEncoding = 4; lastKnownFileType = sourcecode.c.h; path = FLEXResources.h; sourceTree = "<group>"; };
		D8312D331995ED11005924D2 /* FLEXResources.m */ = {isa = PBXFileReference; fileEncoding = 4; lastKnownFileType = sourcecode.c.objc; path = FLEXResources.m; sourceTree = "<group>"; };
		D8312D341995ED11005924D2 /* FLEXRuntimeUtility.h */ = {isa = PBXFileReference; fileEncoding = 4; lastKnownFileType = sourcecode.c.h; path = FLEXRuntimeUtility.h; sourceTree = "<group>"; };
		D8312D351995ED11005924D2 /* FLEXRuntimeUtility.m */ = {isa = PBXFileReference; fileEncoding = 4; lastKnownFileType = sourcecode.c.objc; path = FLEXRuntimeUtility.m; sourceTree = "<group>"; };
		D8312D361995ED11005924D2 /* FLEXUtility.h */ = {isa = PBXFileReference; fileEncoding = 4; lastKnownFileType = sourcecode.c.h; path = FLEXUtility.h; sourceTree = "<group>"; };
		D8312D371995ED11005924D2 /* FLEXUtility.m */ = {isa = PBXFileReference; fileEncoding = 4; lastKnownFileType = sourcecode.c.objc; path = FLEXUtility.m; sourceTree = "<group>"; };
		D8312D391995ED11005924D2 /* FLEXHierarchyTableViewCell.h */ = {isa = PBXFileReference; fileEncoding = 4; lastKnownFileType = sourcecode.c.h; path = FLEXHierarchyTableViewCell.h; sourceTree = "<group>"; };
		D8312D3A1995ED11005924D2 /* FLEXHierarchyTableViewCell.m */ = {isa = PBXFileReference; fileEncoding = 4; lastKnownFileType = sourcecode.c.objc; path = FLEXHierarchyTableViewCell.m; sourceTree = "<group>"; };
		D8312D3B1995ED11005924D2 /* FLEXHierarchyTableViewController.h */ = {isa = PBXFileReference; fileEncoding = 4; lastKnownFileType = sourcecode.c.h; path = FLEXHierarchyTableViewController.h; sourceTree = "<group>"; };
		D8312D3C1995ED11005924D2 /* FLEXHierarchyTableViewController.m */ = {isa = PBXFileReference; fileEncoding = 4; lastKnownFileType = sourcecode.c.objc; path = FLEXHierarchyTableViewController.m; sourceTree = "<group>"; };
		D8312D3D1995ED11005924D2 /* FLEXImagePreviewViewController.h */ = {isa = PBXFileReference; fileEncoding = 4; lastKnownFileType = sourcecode.c.h; path = FLEXImagePreviewViewController.h; sourceTree = "<group>"; };
		D8312D3E1995ED11005924D2 /* FLEXImagePreviewViewController.m */ = {isa = PBXFileReference; fileEncoding = 4; lastKnownFileType = sourcecode.c.objc; path = FLEXImagePreviewViewController.m; sourceTree = "<group>"; };
/* End PBXFileReference section */

/* Begin PBXFrameworksBuildPhase section */
		D8312CA81995ECA5005924D2 /* Frameworks */ = {
			isa = PBXFrameworksBuildPhase;
			buildActionMask = 2147483647;
			files = (
				D8312CAF1995ECA5005924D2 /* Foundation.framework in Frameworks */,
			);
			runOnlyForDeploymentPostprocessing = 0;
		};
		D8312CB81995ECA5005924D2 /* Frameworks */ = {
			isa = PBXFrameworksBuildPhase;
			buildActionMask = 2147483647;
			files = (
				D8312CC31995ECA5005924D2 /* FLEXDylib.dylib in Frameworks */,
				D8312CBD1995ECA5005924D2 /* XCTest.framework in Frameworks */,
				D8312CC01995ECA5005924D2 /* UIKit.framework in Frameworks */,
				D8312CBE1995ECA5005924D2 /* Foundation.framework in Frameworks */,
			);
			runOnlyForDeploymentPostprocessing = 0;
		};
/* End PBXFrameworksBuildPhase section */

/* Begin PBXGroup section */
		D8312CA21995ECA5005924D2 = {
			isa = PBXGroup;
			children = (
				D8312CB01995ECA5005924D2 /* FLEXDylib */,
				D8312CC41995ECA5005924D2 /* FLEXDylibTests */,
				D8312CAD1995ECA5005924D2 /* Frameworks */,
				D8312CAC1995ECA5005924D2 /* Products */,
			);
			sourceTree = "<group>";
		};
		D8312CAC1995ECA5005924D2 /* Products */ = {
			isa = PBXGroup;
			children = (
				D8312CAB1995ECA5005924D2 /* FLEXDylib.dylib */,
				D8312CBB1995ECA5005924D2 /* FLEXDylibTests.xctest */,
			);
			name = Products;
			sourceTree = "<group>";
		};
		D8312CAD1995ECA5005924D2 /* Frameworks */ = {
			isa = PBXGroup;
			children = (
				D8312CAE1995ECA5005924D2 /* Foundation.framework */,
				D8312CBC1995ECA5005924D2 /* XCTest.framework */,
				D8312CBF1995ECA5005924D2 /* UIKit.framework */,
			);
			name = Frameworks;
			sourceTree = "<group>";
		};
		D8312CB01995ECA5005924D2 /* FLEXDylib */ = {
			isa = PBXGroup;
			children = (
				D8312CB31995ECA5005924D2 /* FLEXDylib.h */,
				D8312CB51995ECA5005924D2 /* FLEXDylib.m */,
				D8312CD41995ED11005924D2 /* FLEX */,
				D8312CB11995ECA5005924D2 /* Supporting Files */,
			);
			path = FLEXDylib;
			sourceTree = "<group>";
		};
		D8312CB11995ECA5005924D2 /* Supporting Files */ = {
			isa = PBXGroup;
			children = (
				D8312CB21995ECA5005924D2 /* FLEXDylib-Prefix.pch */,
			);
			name = "Supporting Files";
			sourceTree = "<group>";
		};
		D8312CC41995ECA5005924D2 /* FLEXDylibTests */ = {
			isa = PBXGroup;
			children = (
				D8312CCA1995ECA5005924D2 /* FLEXDylibTests.m */,
				D8312CC51995ECA5005924D2 /* Supporting Files */,
			);
			path = FLEXDylibTests;
			sourceTree = "<group>";
		};
		D8312CC51995ECA5005924D2 /* Supporting Files */ = {
			isa = PBXGroup;
			children = (
				D8312CC61995ECA5005924D2 /* FLEXDylibTests-Info.plist */,
				D8312CC71995ECA5005924D2 /* InfoPlist.strings */,
			);
			name = "Supporting Files";
			sourceTree = "<group>";
		};
		D8312CD41995ED11005924D2 /* FLEX */ = {
			isa = PBXGroup;
			children = (
				D8312CD51995ED11005924D2 /* Editing */,
				D8312CFB1995ED11005924D2 /* Explorer Toolbar */,
				D8312D071995ED11005924D2 /* Global State Explorers */,
				D8312D161995ED11005924D2 /* Object Explorers */,
				D8312D2F1995ED11005924D2 /* Utility */,
				D8312D381995ED11005924D2 /* View Hierarchy */,
			);
			name = FLEX;
			path = Vendor;
			sourceTree = "<group>";
		};
		D8312CD51995ED11005924D2 /* Editing */ = {
			isa = PBXGroup;
			children = (
				D8312CD61995ED11005924D2 /* Argument Input Views */,
				D8312CEF1995ED11005924D2 /* FLEXDefaultEditorViewController.h */,
				D8312CF01995ED11005924D2 /* FLEXDefaultEditorViewController.m */,
				D8312CF11995ED11005924D2 /* FLEXFieldEditorView.h */,
				D8312CF21995ED11005924D2 /* FLEXFieldEditorView.m */,
				D8312CF31995ED11005924D2 /* FLEXFieldEditorViewController.h */,
				D8312CF41995ED11005924D2 /* FLEXFieldEditorViewController.m */,
				D8312CF51995ED11005924D2 /* FLEXIvarEditorViewController.h */,
				D8312CF61995ED11005924D2 /* FLEXIvarEditorViewController.m */,
				D8312CF71995ED11005924D2 /* FLEXMethodCallingViewController.h */,
				D8312CF81995ED11005924D2 /* FLEXMethodCallingViewController.m */,
				D8312CF91995ED11005924D2 /* FLEXPropertyEditorViewController.h */,
				D8312CFA1995ED11005924D2 /* FLEXPropertyEditorViewController.m */,
			);
			path = Editing;
			sourceTree = "<group>";
		};
		D8312CD61995ED11005924D2 /* Argument Input Views */ = {
			isa = PBXGroup;
			children = (
				D8312CD71995ED11005924D2 /* FLEXArgumentInputColorView.h */,
				D8312CD81995ED11005924D2 /* FLEXArgumentInputColorView.m */,
				D8312CD91995ED11005924D2 /* FLEXArgumentInputFontsPickerView.h */,
				D8312CDA1995ED11005924D2 /* FLEXArgumentInputFontsPickerView.m */,
				D8312CDB1995ED11005924D2 /* FLEXArgumentInputFontView.h */,
				D8312CDC1995ED11005924D2 /* FLEXArgumentInputFontView.m */,
				D8312CDD1995ED11005924D2 /* FLEXArgumentInputJSONObjectView.h */,
				D8312CDE1995ED11005924D2 /* FLEXArgumentInputJSONObjectView.m */,
				D8312CDF1995ED11005924D2 /* FLEXArgumentInputNotSupportedView.h */,
				D8312CE01995ED11005924D2 /* FLEXArgumentInputNotSupportedView.m */,
				D8312CE11995ED11005924D2 /* FLEXArgumentInputNumberView.h */,
				D8312CE21995ED11005924D2 /* FLEXArgumentInputNumberView.m */,
				D8312CE31995ED11005924D2 /* FLEXArgumentInputStringView.h */,
				D8312CE41995ED11005924D2 /* FLEXArgumentInputStringView.m */,
				D8312CE51995ED11005924D2 /* FLEXArgumentInputStructView.h */,
				D8312CE61995ED11005924D2 /* FLEXArgumentInputStructView.m */,
				D8312CE71995ED11005924D2 /* FLEXArgumentInputSwitchView.h */,
				D8312CE81995ED11005924D2 /* FLEXArgumentInputSwitchView.m */,
				D8312CE91995ED11005924D2 /* FLEXArgumentInputTextView.h */,
				D8312CEA1995ED11005924D2 /* FLEXArgumentInputTextView.m */,
				D8312CEB1995ED11005924D2 /* FLEXArgumentInputView.h */,
				D8312CEC1995ED11005924D2 /* FLEXArgumentInputView.m */,
				D8312CED1995ED11005924D2 /* FLEXArgumentInputViewFactory.h */,
				D8312CEE1995ED11005924D2 /* FLEXArgumentInputViewFactory.m */,
			);
			path = "Argument Input Views";
			sourceTree = "<group>";
		};
		D8312CFB1995ED11005924D2 /* Explorer Toolbar */ = {
			isa = PBXGroup;
			children = (
				D8312CFC1995ED11005924D2 /* FLEXExplorerToolbar.h */,
				D8312CFD1995ED11005924D2 /* FLEXExplorerToolbar.m */,
				D8312CFE1995ED11005924D2 /* FLEXExplorerViewController.h */,
				D8312CFF1995ED11005924D2 /* FLEXExplorerViewController.m */,
				D8312D001995ED11005924D2 /* FLEXManager+Private.h */,
				D8312D011995ED11005924D2 /* FLEXManager.h */,
				D8312D021995ED11005924D2 /* FLEXManager.m */,
				D8312D031995ED11005924D2 /* FLEXToolbarItem.h */,
				D8312D041995ED11005924D2 /* FLEXToolbarItem.m */,
				D8312D051995ED11005924D2 /* FLEXWindow.h */,
				D8312D061995ED11005924D2 /* FLEXWindow.m */,
			);
			path = "Explorer Toolbar";
			sourceTree = "<group>";
		};
		D8312D071995ED11005924D2 /* Global State Explorers */ = {
			isa = PBXGroup;
			children = (
				D8312D081995ED11005924D2 /* FLEXClassesTableViewController.h */,
				D8312D091995ED11005924D2 /* FLEXClassesTableViewController.m */,
				D8312D0A1995ED11005924D2 /* FLEXFileBrowserTableViewController.h */,
				D8312D0B1995ED11005924D2 /* FLEXFileBrowserTableViewController.m */,
				D8312D0C1995ED11005924D2 /* FLEXGlobalsTableViewController.h */,
				D8312D0D1995ED11005924D2 /* FLEXGlobalsTableViewController.m */,
				D8312D0E1995ED11005924D2 /* FLEXInstancesTableViewController.h */,
				D8312D0F1995ED11005924D2 /* FLEXInstancesTableViewController.m */,
				D8312D101995ED11005924D2 /* FLEXLibrariesTableViewController.h */,
				D8312D111995ED11005924D2 /* FLEXLibrariesTableViewController.m */,
				D8312D121995ED11005924D2 /* FLEXLiveObjectsTableViewController.h */,
				D8312D131995ED11005924D2 /* FLEXLiveObjectsTableViewController.m */,
				D8312D141995ED11005924D2 /* FLEXWebViewController.h */,
				D8312D151995ED11005924D2 /* FLEXWebViewController.m */,
			);
			path = "Global State Explorers";
			sourceTree = "<group>";
		};
		D8312D161995ED11005924D2 /* Object Explorers */ = {
			isa = PBXGroup;
			children = (
				D8312D171995ED11005924D2 /* FLEXArrayExplorerViewController.h */,
				D8312D181995ED11005924D2 /* FLEXArrayExplorerViewController.m */,
				D8312D191995ED11005924D2 /* FLEXClassExplorerViewController.h */,
				D8312D1A1995ED11005924D2 /* FLEXClassExplorerViewController.m */,
				D8312D1B1995ED11005924D2 /* FLEXDefaultsExplorerViewController.h */,
				D8312D1C1995ED11005924D2 /* FLEXDefaultsExplorerViewController.m */,
				D8312D1D1995ED11005924D2 /* FLEXDescriptionTableViewCell.h */,
				D8312D1E1995ED11005924D2 /* FLEXDescriptionTableViewCell.m */,
				D8312D1F1995ED11005924D2 /* FLEXDictionaryExplorerViewController.h */,
				D8312D201995ED11005924D2 /* FLEXDictionaryExplorerViewController.m */,
				D8312D211995ED11005924D2 /* FLEXGlobalsTableViewControllerEntry.h */,
				D8312D221995ED11005924D2 /* FLEXGlobalsTableViewControllerEntry.m */,
				D8312D231995ED11005924D2 /* FLEXImageExplorerViewController.h */,
				D8312D241995ED11005924D2 /* FLEXImageExplorerViewController.m */,
				D8312D251995ED11005924D2 /* FLEXObjectExplorerFactory.h */,
				D8312D261995ED11005924D2 /* FLEXObjectExplorerFactory.m */,
				D8312D271995ED11005924D2 /* FLEXObjectExplorerViewController.h */,
				D8312D281995ED11005924D2 /* FLEXObjectExplorerViewController.m */,
				D8312D291995ED11005924D2 /* FLEXSetExplorerViewController.h */,
				D8312D2A1995ED11005924D2 /* FLEXSetExplorerViewController.m */,
				D8312D2B1995ED11005924D2 /* FLEXViewControllerExplorerViewController.h */,
				D8312D2C1995ED11005924D2 /* FLEXViewControllerExplorerViewController.m */,
				D8312D2D1995ED11005924D2 /* FLEXViewExplorerViewController.h */,
				D8312D2E1995ED11005924D2 /* FLEXViewExplorerViewController.m */,
			);
			path = "Object Explorers";
			sourceTree = "<group>";
		};
		D8312D2F1995ED11005924D2 /* Utility */ = {
			isa = PBXGroup;
			children = (
				D8312D301995ED11005924D2 /* FLEXHeapEnumerator.h */,
				D8312D311995ED11005924D2 /* FLEXHeapEnumerator.m */,
				D8312D321995ED11005924D2 /* FLEXResources.h */,
				D8312D331995ED11005924D2 /* FLEXResources.m */,
				D8312D341995ED11005924D2 /* FLEXRuntimeUtility.h */,
				D8312D351995ED11005924D2 /* FLEXRuntimeUtility.m */,
				D8312D361995ED11005924D2 /* FLEXUtility.h */,
				D8312D371995ED11005924D2 /* FLEXUtility.m */,
			);
			path = Utility;
			sourceTree = "<group>";
		};
		D8312D381995ED11005924D2 /* View Hierarchy */ = {
			isa = PBXGroup;
			children = (
				D8312D391995ED11005924D2 /* FLEXHierarchyTableViewCell.h */,
				D8312D3A1995ED11005924D2 /* FLEXHierarchyTableViewCell.m */,
				D8312D3B1995ED11005924D2 /* FLEXHierarchyTableViewController.h */,
				D8312D3C1995ED11005924D2 /* FLEXHierarchyTableViewController.m */,
				D8312D3D1995ED11005924D2 /* FLEXImagePreviewViewController.h */,
				D8312D3E1995ED11005924D2 /* FLEXImagePreviewViewController.m */,
			);
			path = "View Hierarchy";
			sourceTree = "<group>";
		};
/* End PBXGroup section */

/* Begin PBXNativeTarget section */
		D8312CAA1995ECA5005924D2 /* FLEXDylib */ = {
			isa = PBXNativeTarget;
			buildConfigurationList = D8312CCE1995ECA5005924D2 /* Build configuration list for PBXNativeTarget "FLEXDylib" */;
			buildPhases = (
				D8312CA71995ECA5005924D2 /* Sources */,
				D8312CA81995ECA5005924D2 /* Frameworks */,
				D8312CA91995ECA5005924D2 /* CopyFiles */,
			);
			buildRules = (
			);
			dependencies = (
			);
			name = FLEXDylib;
			productName = FLEXDylib;
			productReference = D8312CAB1995ECA5005924D2 /* FLEXDylib.dylib */;
			productType = "com.apple.product-type.library.dynamic";
		};
		D8312CBA1995ECA5005924D2 /* FLEXDylibTests */ = {
			isa = PBXNativeTarget;
			buildConfigurationList = D8312CD11995ECA5005924D2 /* Build configuration list for PBXNativeTarget "FLEXDylibTests" */;
			buildPhases = (
				D8312CB71995ECA5005924D2 /* Sources */,
				D8312CB81995ECA5005924D2 /* Frameworks */,
				D8312CB91995ECA5005924D2 /* Resources */,
			);
			buildRules = (
			);
			dependencies = (
				D8312CC21995ECA5005924D2 /* PBXTargetDependency */,
			);
			name = FLEXDylibTests;
			productName = FLEXDylibTests;
			productReference = D8312CBB1995ECA5005924D2 /* FLEXDylibTests.xctest */;
			productType = "com.apple.product-type.bundle.unit-test";
		};
/* End PBXNativeTarget section */

/* Begin PBXProject section */
		D8312CA31995ECA5005924D2 /* Project object */ = {
			isa = PBXProject;
			attributes = {
				LastUpgradeCheck = 0510;
				ORGANIZATIONNAME = Joey;
				TargetAttributes = {
					D8312CBA1995ECA5005924D2 = {
						TestTargetID = D8312CAA1995ECA5005924D2;
					};
				};
			};
			buildConfigurationList = D8312CA61995ECA5005924D2 /* Build configuration list for PBXProject "FLEXDylib" */;
			compatibilityVersion = "Xcode 3.2";
			developmentRegion = English;
			hasScannedForEncodings = 0;
			knownRegions = (
				en,
			);
			mainGroup = D8312CA21995ECA5005924D2;
			productRefGroup = D8312CAC1995ECA5005924D2 /* Products */;
			projectDirPath = "";
			projectRoot = "";
			targets = (
				D8312CAA1995ECA5005924D2 /* FLEXDylib */,
				D8312CBA1995ECA5005924D2 /* FLEXDylibTests */,
			);
		};
/* End PBXProject section */

/* Begin PBXResourcesBuildPhase section */
		D8312CB91995ECA5005924D2 /* Resources */ = {
			isa = PBXResourcesBuildPhase;
			buildActionMask = 2147483647;
			files = (
				D8312CC91995ECA5005924D2 /* InfoPlist.strings in Resources */,
			);
			runOnlyForDeploymentPostprocessing = 0;
		};
/* End PBXResourcesBuildPhase section */

/* Begin PBXSourcesBuildPhase section */
		D8312CA71995ECA5005924D2 /* Sources */ = {
			isa = PBXSourcesBuildPhase;
			buildActionMask = 2147483647;
			files = (
				D8312D4B1995ED11005924D2 /* FLEXDefaultEditorViewController.m in Sources */,
				D8312D431995ED11005924D2 /* FLEXArgumentInputNotSupportedView.m in Sources */,
				D8312D5A1995ED11005924D2 /* FLEXLibrariesTableViewController.m in Sources */,
				D8312D4A1995ED11005924D2 /* FLEXArgumentInputViewFactory.m in Sources */,
				D8312D4D1995ED11005924D2 /* FLEXFieldEditorViewController.m in Sources */,
				D8312D4C1995ED11005924D2 /* FLEXFieldEditorView.m in Sources */,
				D8312D6B1995ED11005924D2 /* FLEXRuntimeUtility.m in Sources */,
				D8312D691995ED11005924D2 /* FLEXHeapEnumerator.m in Sources */,
				D8312D4F1995ED11005924D2 /* FLEXMethodCallingViewController.m in Sources */,
				D8312D4E1995ED11005924D2 /* FLEXIvarEditorViewController.m in Sources */,
				D8312D591995ED11005924D2 /* FLEXInstancesTableViewController.m in Sources */,
				D8312D421995ED11005924D2 /* FLEXArgumentInputJSONObjectView.m in Sources */,
				D8312D6A1995ED11005924D2 /* FLEXResources.m in Sources */,
				D8312D5F1995ED11005924D2 /* FLEXDefaultsExplorerViewController.m in Sources */,
				D8312D441995ED11005924D2 /* FLEXArgumentInputNumberView.m in Sources */,
				D8312D481995ED11005924D2 /* FLEXArgumentInputTextView.m in Sources */,
				D8312CB61995ECA5005924D2 /* FLEXDylib.m in Sources */,
				D8312D5B1995ED11005924D2 /* FLEXLiveObjectsTableViewController.m in Sources */,
				D8312D5D1995ED11005924D2 /* FLEXArrayExplorerViewController.m in Sources */,
				D8312D561995ED11005924D2 /* FLEXClassesTableViewController.m in Sources */,
				D8312D451995ED11005924D2 /* FLEXArgumentInputStringView.m in Sources */,
				D8312D471995ED11005924D2 /* FLEXArgumentInputSwitchView.m in Sources */,
				D8312D501995ED11005924D2 /* FLEXPropertyEditorViewController.m in Sources */,
				D8312D681995ED11005924D2 /* FLEXViewExplorerViewController.m in Sources */,
				D8312D5C1995ED11005924D2 /* FLEXWebViewController.m in Sources */,
				D8312D551995ED11005924D2 /* FLEXWindow.m in Sources */,
				D8312D491995ED11005924D2 /* FLEXArgumentInputView.m in Sources */,
				D8312D511995ED11005924D2 /* FLEXExplorerToolbar.m in Sources */,
				D8312D6E1995ED11005924D2 /* FLEXHierarchyTableViewController.m in Sources */,
				D8312D531995ED11005924D2 /* FLEXManager.m in Sources */,
				D8312D6F1995ED11005924D2 /* FLEXImagePreviewViewController.m in Sources */,
				D8312D541995ED11005924D2 /* FLEXToolbarItem.m in Sources */,
				D8312D641995ED11005924D2 /* FLEXObjectExplorerFactory.m in Sources */,
				D8312D631995ED11005924D2 /* FLEXImageExplorerViewController.m in Sources */,
				D8312D621995ED11005924D2 /* FLEXGlobalsTableViewControllerEntry.m in Sources */,
				D8312D601995ED11005924D2 /* FLEXDescriptionTableViewCell.m in Sources */,
				D8312D521995ED11005924D2 /* FLEXExplorerViewController.m in Sources */,
				D8312D651995ED11005924D2 /* FLEXObjectExplorerViewController.m in Sources */,
				D8312D5E1995ED11005924D2 /* FLEXClassExplorerViewController.m in Sources */,
				D8312D661995ED11005924D2 /* FLEXSetExplorerViewController.m in Sources */,
				D8312D401995ED11005924D2 /* FLEXArgumentInputFontsPickerView.m in Sources */,
				D8312D461995ED11005924D2 /* FLEXArgumentInputStructView.m in Sources */,
				D8312D6D1995ED11005924D2 /* FLEXHierarchyTableViewCell.m in Sources */,
				D8312D411995ED11005924D2 /* FLEXArgumentInputFontView.m in Sources */,
				D8312D3F1995ED11005924D2 /* FLEXArgumentInputColorView.m in Sources */,
				D8312D571995ED11005924D2 /* FLEXFileBrowserTableViewController.m in Sources */,
				D8312D611995ED11005924D2 /* FLEXDictionaryExplorerViewController.m in Sources */,
				D8312D581995ED11005924D2 /* FLEXGlobalsTableViewController.m in Sources */,
				D8312D6C1995ED11005924D2 /* FLEXUtility.m in Sources */,
				D8312D671995ED11005924D2 /* FLEXViewControllerExplorerViewController.m in Sources */,
			);
			runOnlyForDeploymentPostprocessing = 0;
		};
		D8312CB71995ECA5005924D2 /* Sources */ = {
			isa = PBXSourcesBuildPhase;
			buildActionMask = 2147483647;
			files = (
				D8312CCB1995ECA5005924D2 /* FLEXDylibTests.m in Sources */,
			);
			runOnlyForDeploymentPostprocessing = 0;
		};
/* End PBXSourcesBuildPhase section */

/* Begin PBXTargetDependency section */
		D8312CC21995ECA5005924D2 /* PBXTargetDependency */ = {
			isa = PBXTargetDependency;
			target = D8312CAA1995ECA5005924D2 /* FLEXDylib */;
			targetProxy = D8312CC11995ECA5005924D2 /* PBXContainerItemProxy */;
		};
/* End PBXTargetDependency section */

/* Begin PBXVariantGroup section */
		D8312CC71995ECA5005924D2 /* InfoPlist.strings */ = {
			isa = PBXVariantGroup;
			children = (
				D8312CC81995ECA5005924D2 /* en */,
			);
			name = InfoPlist.strings;
			sourceTree = "<group>";
		};
/* End PBXVariantGroup section */

/* Begin XCBuildConfiguration section */
		D8312CCC1995ECA5005924D2 /* Debug */ = {
			isa = XCBuildConfiguration;
			buildSettings = {
				ALWAYS_SEARCH_USER_PATHS = NO;
				CLANG_CXX_LANGUAGE_STANDARD = "gnu++0x";
				CLANG_CXX_LIBRARY = "libc++";
				CLANG_ENABLE_MODULES = YES;
				CLANG_ENABLE_OBJC_ARC = YES;
				CLANG_WARN_BOOL_CONVERSION = YES;
				CLANG_WARN_CONSTANT_CONVERSION = YES;
				CLANG_WARN_DIRECT_OBJC_ISA_USAGE = YES_ERROR;
				CLANG_WARN_EMPTY_BODY = YES;
				CLANG_WARN_ENUM_CONVERSION = YES;
				CLANG_WARN_INT_CONVERSION = YES;
				CLANG_WARN_OBJC_ROOT_CLASS = YES_ERROR;
				CLANG_WARN__DUPLICATE_METHOD_MATCH = YES;
				COPY_PHASE_STRIP = NO;
				GCC_C_LANGUAGE_STANDARD = gnu99;
				GCC_DYNAMIC_NO_PIC = NO;
				GCC_OPTIMIZATION_LEVEL = 0;
				GCC_PREPROCESSOR_DEFINITIONS = (
					"DEBUG=1",
					"$(inherited)",
				);
				GCC_SYMBOLS_PRIVATE_EXTERN = NO;
				GCC_WARN_64_TO_32_BIT_CONVERSION = YES;
				GCC_WARN_ABOUT_RETURN_TYPE = YES_ERROR;
				GCC_WARN_UNDECLARED_SELECTOR = YES;
				GCC_WARN_UNINITIALIZED_AUTOS = YES_AGGRESSIVE;
				GCC_WARN_UNUSED_FUNCTION = YES;
				GCC_WARN_UNUSED_VARIABLE = YES;
				IPHONEOS_DEPLOYMENT_TARGET = 7.1;
				ONLY_ACTIVE_ARCH = YES;
				SDKROOT = iphoneos;
			};
			name = Debug;
		};
		D8312CCD1995ECA5005924D2 /* Release */ = {
			isa = XCBuildConfiguration;
			buildSettings = {
				ALWAYS_SEARCH_USER_PATHS = NO;
				CLANG_CXX_LANGUAGE_STANDARD = "gnu++0x";
				CLANG_CXX_LIBRARY = "libc++";
				CLANG_ENABLE_MODULES = YES;
				CLANG_ENABLE_OBJC_ARC = YES;
				CLANG_WARN_BOOL_CONVERSION = YES;
				CLANG_WARN_CONSTANT_CONVERSION = YES;
				CLANG_WARN_DIRECT_OBJC_ISA_USAGE = YES_ERROR;
				CLANG_WARN_EMPTY_BODY = YES;
				CLANG_WARN_ENUM_CONVERSION = YES;
				CLANG_WARN_INT_CONVERSION = YES;
				CLANG_WARN_OBJC_ROOT_CLASS = YES_ERROR;
				CLANG_WARN__DUPLICATE_METHOD_MATCH = YES;
				COPY_PHASE_STRIP = YES;
				ENABLE_NS_ASSERTIONS = NO;
				GCC_C_LANGUAGE_STANDARD = gnu99;
				GCC_WARN_64_TO_32_BIT_CONVERSION = YES;
				GCC_WARN_ABOUT_RETURN_TYPE = YES_ERROR;
				GCC_WARN_UNDECLARED_SELECTOR = YES;
				GCC_WARN_UNINITIALIZED_AUTOS = YES_AGGRESSIVE;
				GCC_WARN_UNUSED_FUNCTION = YES;
				GCC_WARN_UNUSED_VARIABLE = YES;
				IPHONEOS_DEPLOYMENT_TARGET = 7.1;
				SDKROOT = iphoneos;
				VALIDATE_PRODUCT = YES;
			};
			name = Release;
		};
		D8312CCF1995ECA5005924D2 /* Debug */ = {
			isa = XCBuildConfiguration;
			buildSettings = {
				DSTROOT = /tmp/FLEXDylib.dst;
				GCC_PRECOMPILE_PREFIX_HEADER = YES;
				GCC_PREFIX_HEADER = "FLEXDylib/FLEXDylib-Prefix.pch";
				OTHER_LDFLAGS = "-ObjC";
				PRODUCT_NAME = "$(TARGET_NAME)";
				SKIP_INSTALL = YES;
			};
			name = Debug;
		};
		D8312CD01995ECA5005924D2 /* Release */ = {
			isa = XCBuildConfiguration;
			buildSettings = {
				DSTROOT = /tmp/FLEXDylib.dst;
				GCC_PRECOMPILE_PREFIX_HEADER = YES;
				GCC_PREFIX_HEADER = "FLEXDylib/FLEXDylib-Prefix.pch";
				OTHER_LDFLAGS = "-ObjC";
				PRODUCT_NAME = "$(TARGET_NAME)";
				SKIP_INSTALL = YES;
			};
			name = Release;
		};
		D8312CD21995ECA5005924D2 /* Debug */ = {
			isa = XCBuildConfiguration;
			buildSettings = {
				BUNDLE_LOADER = "$(BUILT_PRODUCTS_DIR)/FLEXDylib.dylib";
				FRAMEWORK_SEARCH_PATHS = (
					"$(SDKROOT)/Developer/Library/Frameworks",
					"$(inherited)",
					"$(DEVELOPER_FRAMEWORKS_DIR)",
				);
				GCC_PRECOMPILE_PREFIX_HEADER = YES;
				GCC_PREFIX_HEADER = "FLEXDylib/FLEXDylib-Prefix.pch";
				GCC_PREPROCESSOR_DEFINITIONS = (
					"DEBUG=1",
					"$(inherited)",
				);
				INFOPLIST_FILE = "FLEXDylibTests/FLEXDylibTests-Info.plist";
				PRODUCT_NAME = "$(TARGET_NAME)";
				TEST_HOST = "$(BUNDLE_LOADER)";
				WRAPPER_EXTENSION = xctest;
			};
			name = Debug;
		};
		D8312CD31995ECA5005924D2 /* Release */ = {
			isa = XCBuildConfiguration;
			buildSettings = {
				BUNDLE_LOADER = "$(BUILT_PRODUCTS_DIR)/FLEXDylib.dylib";
				FRAMEWORK_SEARCH_PATHS = (
					"$(SDKROOT)/Developer/Library/Frameworks",
					"$(inherited)",
					"$(DEVELOPER_FRAMEWORKS_DIR)",
				);
				GCC_PRECOMPILE_PREFIX_HEADER = YES;
				GCC_PREFIX_HEADER = "FLEXDylib/FLEXDylib-Prefix.pch";
				INFOPLIST_FILE = "FLEXDylibTests/FLEXDylibTests-Info.plist";
				PRODUCT_NAME = "$(TARGET_NAME)";
				TEST_HOST = "$(BUNDLE_LOADER)";
				WRAPPER_EXTENSION = xctest;
			};
			name = Release;
		};
/* End XCBuildConfiguration section */

/* Begin XCConfigurationList section */
		D8312CA61995ECA5005924D2 /* Build configuration list for PBXProject "FLEXDylib" */ = {
			isa = XCConfigurationList;
			buildConfigurations = (
				D8312CCC1995ECA5005924D2 /* Debug */,
				D8312CCD1995ECA5005924D2 /* Release */,
			);
			defaultConfigurationIsVisible = 0;
			defaultConfigurationName = Release;
		};
		D8312CCE1995ECA5005924D2 /* Build configuration list for PBXNativeTarget "FLEXDylib" */ = {
			isa = XCConfigurationList;
			buildConfigurations = (
				D8312CCF1995ECA5005924D2 /* Debug */,
				D8312CD01995ECA5005924D2 /* Release */,
			);
			defaultConfigurationIsVisible = 0;
			defaultConfigurationName = Release;
		};
		D8312CD11995ECA5005924D2 /* Build configuration list for PBXNativeTarget "FLEXDylibTests" */ = {
			isa = XCConfigurationList;
			buildConfigurations = (
				D8312CD21995ECA5005924D2 /* Debug */,
				D8312CD31995ECA5005924D2 /* Release */,
			);
			defaultConfigurationIsVisible = 0;
			defaultConfigurationName = Release;
		};
/* End XCConfigurationList section */
	};
	rootObject = D8312CA31995ECA5005924D2 /* Project object */;
}
